// !$*UTF8*$!
{
	archiveVersion = 1;
	classes = {
	};
	objectVersion = 46;
	objects = {

/* Begin PBXBuildFile section */
		700B4BD91E1F57E300451C40 /* GraphViewController.swift in Sources */ = {isa = PBXBuildFile; fileRef = 700B4BD81E1F57E300451C40 /* GraphViewController.swift */; };
		700B4BDB1E1F5D6600451C40 /* ExamplesDefault.swift in Sources */ = {isa = PBXBuildFile; fileRef = 700B4BDA1E1F5D6600451C40 /* ExamplesDefault.swift */; };
		700B4BDE1E200A8800451C40 /* RatingViewController.swift in Sources */ = {isa = PBXBuildFile; fileRef = 700B4BDC1E200A8800451C40 /* RatingViewController.swift */; };
		700B4BDF1E200A8800451C40 /* RatingViewController.xib in Resources */ = {isa = PBXBuildFile; fileRef = 700B4BDD1E200A8800451C40 /* RatingViewController.xib */; };
		700B4BE11E200A9A00451C40 /* CosmosDistrib.swift in Sources */ = {isa = PBXBuildFile; fileRef = 700B4BE01E200A9A00451C40 /* CosmosDistrib.swift */; };
		7062C6431E19E26600CF762C /* Roboto-Bold.ttf in Resources */ = {isa = PBXBuildFile; fileRef = 7062C63E1E19E26600CF762C /* Roboto-Bold.ttf */; };
		7062C6441E19E26600CF762C /* Roboto-Light.ttf in Resources */ = {isa = PBXBuildFile; fileRef = 7062C63F1E19E26600CF762C /* Roboto-Light.ttf */; };
		7062C6451E19E26600CF762C /* Roboto-Medium.ttf in Resources */ = {isa = PBXBuildFile; fileRef = 7062C6401E19E26600CF762C /* Roboto-Medium.ttf */; };
		7062C6461E19E26600CF762C /* Roboto-Regular.ttf in Resources */ = {isa = PBXBuildFile; fileRef = 7062C6411E19E26600CF762C /* Roboto-Regular.ttf */; };
		7062C6471E19E26600CF762C /* Roboto-Thin.ttf in Resources */ = {isa = PBXBuildFile; fileRef = 7062C6421E19E26600CF762C /* Roboto-Thin.ttf */; };
		7094C0E81E1211AB00749582 /* BackgroundKolodaAnimator.swift in Sources */ = {isa = PBXBuildFile; fileRef = 7094C0E71E1211AB00749582 /* BackgroundKolodaAnimator.swift */; };
		7094C0EA1E1211F200749582 /* BackgroundAnimationViewController.swift in Sources */ = {isa = PBXBuildFile; fileRef = 7094C0E91E1211F200749582 /* BackgroundAnimationViewController.swift */; };
		7094C0EE1E12121200749582 /* CustomKolodaView.swift in Sources */ = {isa = PBXBuildFile; fileRef = 7094C0EB1E12121200749582 /* CustomKolodaView.swift */; };
		7094C0EF1E12121200749582 /* CustomOverlayView.swift in Sources */ = {isa = PBXBuildFile; fileRef = 7094C0EC1E12121200749582 /* CustomOverlayView.swift */; };
		7094C0F41E12189300749582 /* SwipeOverlayView.swift in Sources */ = {isa = PBXBuildFile; fileRef = 7094C0F31E12189300749582 /* SwipeOverlayView.swift */; };
		70A5C0081E2BFB2E00BEB5B3 /* test-indexes.ris in Resources */ = {isa = PBXBuildFile; fileRef = 70A5C0071E2BFB2E00BEB5B3 /* test-indexes.ris */; };
		70A99CB91E097BD000061025 /* PaperSessionUITableViewController.swift in Sources */ = {isa = PBXBuildFile; fileRef = 70A99CB81E097BD000061025 /* PaperSessionUITableViewController.swift */; };
		70A99CBB1E09B87A00061025 /* AppToolbarController.swift in Sources */ = {isa = PBXBuildFile; fileRef = 70A99CBA1E09B87A00061025 /* AppToolbarController.swift */; };
		70A99CBD1E09B90F00061025 /* AppPageTabBarController.swift in Sources */ = {isa = PBXBuildFile; fileRef = 70A99CBC1E09B90F00061025 /* AppPageTabBarController.swift */; };
		70AB7CA51E1582E8001313F8 /* BasicCardView.xib in Resources */ = {isa = PBXBuildFile; fileRef = 70AB7CA41E1582E8001313F8 /* BasicCardView.xib */; };
		70AB7CA71E158364001313F8 /* BasicCardView.swift in Sources */ = {isa = PBXBuildFile; fileRef = 70AB7CA61E158364001313F8 /* BasicCardView.swift */; };
		70AB7CA91E1590E3001313F8 /* OverlayView.xib in Resources */ = {isa = PBXBuildFile; fileRef = 70AB7CA81E1590E3001313F8 /* OverlayView.xib */; };
		70C3EC141E0AC6B5008368A8 /* PaperCollectionUITableViewController.swift in Sources */ = {isa = PBXBuildFile; fileRef = 70C3EC131E0AC6B5008368A8 /* PaperCollectionUITableViewController.swift */; };
		70C3EC161E0ACCFB008368A8 /* AppSnackbarController.swift in Sources */ = {isa = PBXBuildFile; fileRef = 70C3EC151E0ACCFB008368A8 /* AppSnackbarController.swift */; };
		70C3EC181E0ACD6D008368A8 /* StatusBarController.swift in Sources */ = {isa = PBXBuildFile; fileRef = 70C3EC171E0ACD6D008368A8 /* StatusBarController.swift */; };
		70C904421E2AA40400081D8A /* BlurredOverlayView.swift in Sources */ = {isa = PBXBuildFile; fileRef = 70C904411E2AA40400081D8A /* BlurredOverlayView.swift */; };
		70CF5D551E0A10D30018027B /* PaperSessionTableCell.swift in Sources */ = {isa = PBXBuildFile; fileRef = 70CF5D541E0A10D30018027B /* PaperSessionTableCell.swift */; };
		70EDF2EE1E070DAD000D4F0D /* AppDelegate.swift in Sources */ = {isa = PBXBuildFile; fileRef = 70EDF2ED1E070DAD000D4F0D /* AppDelegate.swift */; };
		70EDF2F31E070DAD000D4F0D /* Main.storyboard in Resources */ = {isa = PBXBuildFile; fileRef = 70EDF2F11E070DAD000D4F0D /* Main.storyboard */; };
		70EDF2F51E070DAD000D4F0D /* Assets.xcassets in Resources */ = {isa = PBXBuildFile; fileRef = 70EDF2F41E070DAD000D4F0D /* Assets.xcassets */; };
		70EDF2F81E070DAD000D4F0D /* LaunchScreen.storyboard in Resources */ = {isa = PBXBuildFile; fileRef = 70EDF2F61E070DAD000D4F0D /* LaunchScreen.storyboard */; };
		70EDF3171E077961000D4F0D /* RootViewController.swift in Sources */ = {isa = PBXBuildFile; fileRef = 70EDF3141E077961000D4F0D /* RootViewController.swift */; };
		70EDF3181E077961000D4F0D /* AppNavigationController.swift in Sources */ = {isa = PBXBuildFile; fileRef = 70EDF3151E077961000D4F0D /* AppNavigationController.swift */; };
		70EDF3191E077961000D4F0D /* NextViewController.swift in Sources */ = {isa = PBXBuildFile; fileRef = 70EDF3161E077961000D4F0D /* NextViewController.swift */; };
		70EDF31C1E083326000D4F0D /* ObjectModels.swift in Sources */ = {isa = PBXBuildFile; fileRef = 70EDF31B1E083326000D4F0D /* ObjectModels.swift */; };
		70EDF31F1E08343B000D4F0D /* RISFileParser.swift in Sources */ = {isa = PBXBuildFile; fileRef = 70EDF31E1E08343B000D4F0D /* RISFileParser.swift */; };
		70EDF3211E08344E000D4F0D /* SwiftHTMLDecode.swift in Sources */ = {isa = PBXBuildFile; fileRef = 70EDF3201E08344E000D4F0D /* SwiftHTMLDecode.swift */; };
		70EDF3241E083B74000D4F0D /* Extension.swift in Sources */ = {isa = PBXBuildFile; fileRef = 70EDF3231E083B74000D4F0D /* Extension.swift */; };
		70EDF3261E084365000D4F0D /* PaperX.xcdatamodel in Sources */ = {isa = PBXBuildFile; fileRef = 70EDF3251E084365000D4F0D /* PaperX.xcdatamodel */; };
		70EDF3291E0892FA000D4F0D /* test-cites.ris in Resources */ = {isa = PBXBuildFile; fileRef = 70EDF3281E0892FA000D4F0D /* test-cites.ris */; };
		70EDF32B1E08DEF5000D4F0D /* AppMenuController.swift in Sources */ = {isa = PBXBuildFile; fileRef = 70EDF32A1E08DEF5000D4F0D /* AppMenuController.swift */; };
		EA04A27720B8BC3ADE95529D /* Pods_Researcher.framework in Frameworks */ = {isa = PBXBuildFile; fileRef = E12885E76BECC45D8C3E27F7 /* Pods_Researcher.framework */; };
/* End PBXBuildFile section */

/* Begin PBXFileReference section */
		218EC3BAF5C7AA8CDCC91906 /* Pods-Researcher.debug.xcconfig */ = {isa = PBXFileReference; includeInIndex = 1; lastKnownFileType = text.xcconfig; name = "Pods-Researcher.debug.xcconfig"; path = "Pods/Target Support Files/Pods-Researcher/Pods-Researcher.debug.xcconfig"; sourceTree = "<group>"; };
		700B4BD81E1F57E300451C40 /* GraphViewController.swift */ = {isa = PBXFileReference; fileEncoding = 4; lastKnownFileType = sourcecode.swift; path = GraphViewController.swift; sourceTree = "<group>"; };
		700B4BDA1E1F5D6600451C40 /* ExamplesDefault.swift */ = {isa = PBXFileReference; fileEncoding = 4; lastKnownFileType = sourcecode.swift; path = ExamplesDefault.swift; sourceTree = "<group>"; };
		700B4BDC1E200A8800451C40 /* RatingViewController.swift */ = {isa = PBXFileReference; fileEncoding = 4; lastKnownFileType = sourcecode.swift; path = RatingViewController.swift; sourceTree = "<group>"; };
		700B4BDD1E200A8800451C40 /* RatingViewController.xib */ = {isa = PBXFileReference; fileEncoding = 4; lastKnownFileType = file.xib; path = RatingViewController.xib; sourceTree = "<group>"; };
		700B4BE01E200A9A00451C40 /* CosmosDistrib.swift */ = {isa = PBXFileReference; fileEncoding = 4; lastKnownFileType = sourcecode.swift; path = CosmosDistrib.swift; sourceTree = "<group>"; };
		7062C63E1E19E26600CF762C /* Roboto-Bold.ttf */ = {isa = PBXFileReference; lastKnownFileType = file; path = "Roboto-Bold.ttf"; sourceTree = "<group>"; };
		7062C63F1E19E26600CF762C /* Roboto-Light.ttf */ = {isa = PBXFileReference; lastKnownFileType = file; path = "Roboto-Light.ttf"; sourceTree = "<group>"; };
		7062C6401E19E26600CF762C /* Roboto-Medium.ttf */ = {isa = PBXFileReference; lastKnownFileType = file; path = "Roboto-Medium.ttf"; sourceTree = "<group>"; };
		7062C6411E19E26600CF762C /* Roboto-Regular.ttf */ = {isa = PBXFileReference; lastKnownFileType = file; path = "Roboto-Regular.ttf"; sourceTree = "<group>"; };
		7062C6421E19E26600CF762C /* Roboto-Thin.ttf */ = {isa = PBXFileReference; lastKnownFileType = file; path = "Roboto-Thin.ttf"; sourceTree = "<group>"; };
		7094C0E71E1211AB00749582 /* BackgroundKolodaAnimator.swift */ = {isa = PBXFileReference; fileEncoding = 4; lastKnownFileType = sourcecode.swift; path = BackgroundKolodaAnimator.swift; sourceTree = "<group>"; };
		7094C0E91E1211F200749582 /* BackgroundAnimationViewController.swift */ = {isa = PBXFileReference; fileEncoding = 4; lastKnownFileType = sourcecode.swift; path = BackgroundAnimationViewController.swift; sourceTree = "<group>"; };
		7094C0EB1E12121200749582 /* CustomKolodaView.swift */ = {isa = PBXFileReference; fileEncoding = 4; lastKnownFileType = sourcecode.swift; path = CustomKolodaView.swift; sourceTree = "<group>"; };
		7094C0EC1E12121200749582 /* CustomOverlayView.swift */ = {isa = PBXFileReference; fileEncoding = 4; lastKnownFileType = sourcecode.swift; path = CustomOverlayView.swift; sourceTree = "<group>"; };
		7094C0F31E12189300749582 /* SwipeOverlayView.swift */ = {isa = PBXFileReference; fileEncoding = 4; lastKnownFileType = sourcecode.swift; path = SwipeOverlayView.swift; sourceTree = "<group>"; };
		70A5C0071E2BFB2E00BEB5B3 /* test-indexes.ris */ = {isa = PBXFileReference; fileEncoding = 4; lastKnownFileType = text; path = "test-indexes.ris"; sourceTree = "<group>"; };
		70A99CB81E097BD000061025 /* PaperSessionUITableViewController.swift */ = {isa = PBXFileReference; fileEncoding = 4; lastKnownFileType = sourcecode.swift; path = PaperSessionUITableViewController.swift; sourceTree = "<group>"; };
		70A99CBA1E09B87A00061025 /* AppToolbarController.swift */ = {isa = PBXFileReference; fileEncoding = 4; lastKnownFileType = sourcecode.swift; path = AppToolbarController.swift; sourceTree = "<group>"; };
		70A99CBC1E09B90F00061025 /* AppPageTabBarController.swift */ = {isa = PBXFileReference; fileEncoding = 4; lastKnownFileType = sourcecode.swift; path = AppPageTabBarController.swift; sourceTree = "<group>"; };
		70AB7CA41E1582E8001313F8 /* BasicCardView.xib */ = {isa = PBXFileReference; fileEncoding = 4; lastKnownFileType = file.xib; path = BasicCardView.xib; sourceTree = "<group>"; };
		70AB7CA61E158364001313F8 /* BasicCardView.swift */ = {isa = PBXFileReference; fileEncoding = 4; lastKnownFileType = sourcecode.swift; path = BasicCardView.swift; sourceTree = "<group>"; };
		70AB7CA81E1590E3001313F8 /* OverlayView.xib */ = {isa = PBXFileReference; fileEncoding = 4; lastKnownFileType = file.xib; path = OverlayView.xib; sourceTree = "<group>"; };
		70C3EC131E0AC6B5008368A8 /* PaperCollectionUITableViewController.swift */ = {isa = PBXFileReference; fileEncoding = 4; lastKnownFileType = sourcecode.swift; path = PaperCollectionUITableViewController.swift; sourceTree = "<group>"; };
		70C3EC151E0ACCFB008368A8 /* AppSnackbarController.swift */ = {isa = PBXFileReference; fileEncoding = 4; lastKnownFileType = sourcecode.swift; path = AppSnackbarController.swift; sourceTree = "<group>"; };
		70C3EC171E0ACD6D008368A8 /* StatusBarController.swift */ = {isa = PBXFileReference; fileEncoding = 4; lastKnownFileType = sourcecode.swift; path = StatusBarController.swift; sourceTree = "<group>"; };
		70C904411E2AA40400081D8A /* BlurredOverlayView.swift */ = {isa = PBXFileReference; fileEncoding = 4; lastKnownFileType = sourcecode.swift; path = BlurredOverlayView.swift; sourceTree = "<group>"; };
		70CF5D541E0A10D30018027B /* PaperSessionTableCell.swift */ = {isa = PBXFileReference; fileEncoding = 4; lastKnownFileType = sourcecode.swift; path = PaperSessionTableCell.swift; sourceTree = "<group>"; };
		70EDF2EA1E070DAD000D4F0D /* Researcher.app */ = {isa = PBXFileReference; explicitFileType = wrapper.application; includeInIndex = 0; path = Researcher.app; sourceTree = BUILT_PRODUCTS_DIR; };
		70EDF2ED1E070DAD000D4F0D /* AppDelegate.swift */ = {isa = PBXFileReference; lastKnownFileType = sourcecode.swift; path = AppDelegate.swift; sourceTree = "<group>"; };
		70EDF2F21E070DAD000D4F0D /* Base */ = {isa = PBXFileReference; lastKnownFileType = file.storyboard; name = Base; path = Base.lproj/Main.storyboard; sourceTree = "<group>"; };
		70EDF2F41E070DAD000D4F0D /* Assets.xcassets */ = {isa = PBXFileReference; lastKnownFileType = folder.assetcatalog; path = Assets.xcassets; sourceTree = "<group>"; };
		70EDF2F71E070DAD000D4F0D /* Base */ = {isa = PBXFileReference; lastKnownFileType = file.storyboard; name = Base; path = Base.lproj/LaunchScreen.storyboard; sourceTree = "<group>"; };
		70EDF2F91E070DAD000D4F0D /* Info.plist */ = {isa = PBXFileReference; lastKnownFileType = text.plist.xml; path = Info.plist; sourceTree = "<group>"; };
		70EDF3141E077961000D4F0D /* RootViewController.swift */ = {isa = PBXFileReference; fileEncoding = 4; lastKnownFileType = sourcecode.swift; path = RootViewController.swift; sourceTree = "<group>"; };
		70EDF3151E077961000D4F0D /* AppNavigationController.swift */ = {isa = PBXFileReference; fileEncoding = 4; lastKnownFileType = sourcecode.swift; path = AppNavigationController.swift; sourceTree = "<group>"; };
		70EDF3161E077961000D4F0D /* NextViewController.swift */ = {isa = PBXFileReference; fileEncoding = 4; lastKnownFileType = sourcecode.swift; path = NextViewController.swift; sourceTree = "<group>"; };
		70EDF31B1E083326000D4F0D /* ObjectModels.swift */ = {isa = PBXFileReference; fileEncoding = 4; lastKnownFileType = sourcecode.swift; name = ObjectModels.swift; path = Realm/ObjectModels.swift; sourceTree = "<group>"; };
		70EDF31E1E08343B000D4F0D /* RISFileParser.swift */ = {isa = PBXFileReference; fileEncoding = 4; lastKnownFileType = sourcecode.swift; path = RISFileParser.swift; sourceTree = "<group>"; };
		70EDF3201E08344E000D4F0D /* SwiftHTMLDecode.swift */ = {isa = PBXFileReference; fileEncoding = 4; lastKnownFileType = sourcecode.swift; path = SwiftHTMLDecode.swift; sourceTree = "<group>"; };
		70EDF3231E083B74000D4F0D /* Extension.swift */ = {isa = PBXFileReference; fileEncoding = 4; lastKnownFileType = sourcecode.swift; name = Extension.swift; path = Extension/Extension.swift; sourceTree = "<group>"; };
		70EDF3251E084365000D4F0D /* PaperX.xcdatamodel */ = {isa = PBXFileReference; lastKnownFileType = wrapper.xcdatamodel; path = PaperX.xcdatamodel; sourceTree = "<group>"; };
		70EDF3281E0892FA000D4F0D /* test-cites.ris */ = {isa = PBXFileReference; fileEncoding = 4; lastKnownFileType = text; name = "test-cites.ris"; path = "Support/test-cites.ris"; sourceTree = "<group>"; };
		70EDF32A1E08DEF5000D4F0D /* AppMenuController.swift */ = {isa = PBXFileReference; fileEncoding = 4; lastKnownFileType = sourcecode.swift; path = AppMenuController.swift; sourceTree = "<group>"; };
		E0BEF697AF88F302F4852347 /* Pods-Researcher.release.xcconfig */ = {isa = PBXFileReference; includeInIndex = 1; lastKnownFileType = text.xcconfig; name = "Pods-Researcher.release.xcconfig"; path = "Pods/Target Support Files/Pods-Researcher/Pods-Researcher.release.xcconfig"; sourceTree = "<group>"; };
		E12885E76BECC45D8C3E27F7 /* Pods_Researcher.framework */ = {isa = PBXFileReference; explicitFileType = wrapper.framework; includeInIndex = 0; path = Pods_Researcher.framework; sourceTree = BUILT_PRODUCTS_DIR; };
/* End PBXFileReference section */

/* Begin PBXFrameworksBuildPhase section */
		70EDF2E71E070DAD000D4F0D /* Frameworks */ = {
			isa = PBXFrameworksBuildPhase;
			buildActionMask = 2147483647;
			files = (
				EA04A27720B8BC3ADE95529D /* Pods_Researcher.framework in Frameworks */,
			);
			runOnlyForDeploymentPostprocessing = 0;
		};
/* End PBXFrameworksBuildPhase section */

/* Begin PBXGroup section */
		53864E5CC9098D33D50AD3B6 /* Pods */ = {
			isa = PBXGroup;
			children = (
				218EC3BAF5C7AA8CDCC91906 /* Pods-Researcher.debug.xcconfig */,
				E0BEF697AF88F302F4852347 /* Pods-Researcher.release.xcconfig */,
			);
			name = Pods;
			sourceTree = "<group>";
		};
		6B67178C2E6B87FCC8C887A2 /* Frameworks */ = {
			isa = PBXGroup;
			children = (
				E12885E76BECC45D8C3E27F7 /* Pods_Researcher.framework */,
			);
			name = Frameworks;
			sourceTree = "<group>";
		};
		7094C0E61E12119E00749582 /* CardView */ = {
			isa = PBXGroup;
			children = (
				7094C0F31E12189300749582 /* SwipeOverlayView.swift */,
				70AB7CA81E1590E3001313F8 /* OverlayView.xib */,
				70AB7CA41E1582E8001313F8 /* BasicCardView.xib */,
				70AB7CA61E158364001313F8 /* BasicCardView.swift */,
				7094C0EB1E12121200749582 /* CustomKolodaView.swift */,
				7094C0EC1E12121200749582 /* CustomOverlayView.swift */,
				7094C0E71E1211AB00749582 /* BackgroundKolodaAnimator.swift */,
				7094C0E91E1211F200749582 /* BackgroundAnimationViewController.swift */,
			);
			name = CardView;
			sourceTree = "<group>";
		};
		70CF5D521E09C4100018027B /* App */ = {
			isa = PBXGroup;
			children = (
				70EDF2ED1E070DAD000D4F0D /* AppDelegate.swift */,
				70EDF32A1E08DEF5000D4F0D /* AppMenuController.swift */,
				70EDF3151E077961000D4F0D /* AppNavigationController.swift */,
				70A99CBA1E09B87A00061025 /* AppToolbarController.swift */,
				70A99CBC1E09B90F00061025 /* AppPageTabBarController.swift */,
				70C3EC151E0ACCFB008368A8 /* AppSnackbarController.swift */,
				70C3EC171E0ACD6D008368A8 /* StatusBarController.swift */,
			);
			name = App;
			sourceTree = "<group>";
		};
		70CF5D531E09C4170018027B /* PaperSession */ = {
			isa = PBXGroup;
			children = (
				70CF5D541E0A10D30018027B /* PaperSessionTableCell.swift */,
				70A99CB81E097BD000061025 /* PaperSessionUITableViewController.swift */,
				70C3EC131E0AC6B5008368A8 /* PaperCollectionUITableViewController.swift */,
			);
			name = PaperSession;
			sourceTree = "<group>";
		};
		70EDF2E11E070DAD000D4F0D = {
			isa = PBXGroup;
			children = (
				70EDF2EC1E070DAD000D4F0D /* Researcher */,
				70EDF2EB1E070DAD000D4F0D /* Products */,
				53864E5CC9098D33D50AD3B6 /* Pods */,
				6B67178C2E6B87FCC8C887A2 /* Frameworks */,
			);
			sourceTree = "<group>";
		};
		70EDF2EB1E070DAD000D4F0D /* Products */ = {
			isa = PBXGroup;
			children = (
				70EDF2EA1E070DAD000D4F0D /* Researcher.app */,
			);
			name = Products;
			sourceTree = "<group>";
		};
		70EDF2EC1E070DAD000D4F0D /* Researcher */ = {
			isa = PBXGroup;
			children = (
				7094C0E61E12119E00749582 /* CardView */,
				70CF5D531E09C4170018027B /* PaperSession */,
				70EDF3271E0892D1000D4F0D /* Support */,
				70EDF3221E083B4E000D4F0D /* Extension */,
				70EDF31D1E08342A000D4F0D /* DB */,
				70CF5D521E09C4100018027B /* App */,
				70EDF3141E077961000D4F0D /* RootViewController.swift */,
				70EDF3161E077961000D4F0D /* NextViewController.swift */,
				700B4BDC1E200A8800451C40 /* RatingViewController.swift */,
				700B4BDD1E200A8800451C40 /* RatingViewController.xib */,
				700B4BE01E200A9A00451C40 /* CosmosDistrib.swift */,
				70EDF2F11E070DAD000D4F0D /* Main.storyboard */,
				70EDF2F41E070DAD000D4F0D /* Assets.xcassets */,
				70EDF2F61E070DAD000D4F0D /* LaunchScreen.storyboard */,
				70EDF2F91E070DAD000D4F0D /* Info.plist */,
				700B4BD81E1F57E300451C40 /* GraphViewController.swift */,
				700B4BDA1E1F5D6600451C40 /* ExamplesDefault.swift */,
				70C904411E2AA40400081D8A /* BlurredOverlayView.swift */,
			);
			path = Researcher;
			sourceTree = "<group>";
		};
		70EDF31D1E08342A000D4F0D /* DB */ = {
			isa = PBXGroup;
			children = (
				70EDF3251E084365000D4F0D /* PaperX.xcdatamodel */,
				70EDF31B1E083326000D4F0D /* ObjectModels.swift */,
				70EDF3201E08344E000D4F0D /* SwiftHTMLDecode.swift */,
				70EDF31E1E08343B000D4F0D /* RISFileParser.swift */,
			);
			name = DB;
			sourceTree = "<group>";
		};
		70EDF3221E083B4E000D4F0D /* Extension */ = {
			isa = PBXGroup;
			children = (
				70EDF3231E083B74000D4F0D /* Extension.swift */,
			);
			name = Extension;
			sourceTree = "<group>";
		};
		70EDF3271E0892D1000D4F0D /* Support */ = {
			isa = PBXGroup;
			children = (
				7062C63E1E19E26600CF762C /* Roboto-Bold.ttf */,
				7062C63F1E19E26600CF762C /* Roboto-Light.ttf */,
				7062C6401E19E26600CF762C /* Roboto-Medium.ttf */,
				7062C6411E19E26600CF762C /* Roboto-Regular.ttf */,
				7062C6421E19E26600CF762C /* Roboto-Thin.ttf */,
				70EDF3281E0892FA000D4F0D /* test-cites.ris */,
				70A5C0071E2BFB2E00BEB5B3 /* test-indexes.ris */,
			);
			name = Support;
			sourceTree = "<group>";
		};
/* End PBXGroup section */

/* Begin PBXNativeTarget section */
		70EDF2E91E070DAD000D4F0D /* Researcher */ = {
			isa = PBXNativeTarget;
			buildConfigurationList = 70EDF2FC1E070DAD000D4F0D /* Build configuration list for PBXNativeTarget "Researcher" */;
			buildPhases = (
				7CD666CF99AE62AF9A0227B4 /* [CP] Check Pods Manifest.lock */,
				70EDF2E61E070DAD000D4F0D /* Sources */,
				70EDF2E71E070DAD000D4F0D /* Frameworks */,
				70EDF2E81E070DAD000D4F0D /* Resources */,
				77B698707386CBF1698F560D /* [CP] Embed Pods Frameworks */,
				F4D116E7CA43E3C35BC37C52 /* [CP] Copy Pods Resources */,
			);
			buildRules = (
			);
			dependencies = (
			);
			name = Researcher;
			productName = Researcher;
			productReference = 70EDF2EA1E070DAD000D4F0D /* Researcher.app */;
			productType = "com.apple.product-type.application";
		};
/* End PBXNativeTarget section */

/* Begin PBXProject section */
		70EDF2E21E070DAD000D4F0D /* Project object */ = {
			isa = PBXProject;
			attributes = {
				LastSwiftUpdateCheck = 0820;
				LastUpgradeCheck = 0820;
				ORGANIZATIONNAME = "Anthony Perritano";
				TargetAttributes = {
					70EDF2E91E070DAD000D4F0D = {
						CreatedOnToolsVersion = 8.2;
						DevelopmentTeam = CN8G286W67;
						ProvisioningStyle = Automatic;
					};
				};
			};
			buildConfigurationList = 70EDF2E51E070DAD000D4F0D /* Build configuration list for PBXProject "Researcher" */;
			compatibilityVersion = "Xcode 3.2";
			developmentRegion = English;
			hasScannedForEncodings = 0;
			knownRegions = (
				en,
				Base,
			);
			mainGroup = 70EDF2E11E070DAD000D4F0D;
			productRefGroup = 70EDF2EB1E070DAD000D4F0D /* Products */;
			projectDirPath = "";
			projectRoot = "";
			targets = (
				70EDF2E91E070DAD000D4F0D /* Researcher */,
			);
		};
/* End PBXProject section */

/* Begin PBXResourcesBuildPhase section */
		70EDF2E81E070DAD000D4F0D /* Resources */ = {
			isa = PBXResourcesBuildPhase;
			buildActionMask = 2147483647;
			files = (
				7062C6431E19E26600CF762C /* Roboto-Bold.ttf in Resources */,
				700B4BDF1E200A8800451C40 /* RatingViewController.xib in Resources */,
				70EDF2F81E070DAD000D4F0D /* LaunchScreen.storyboard in Resources */,
				7062C6461E19E26600CF762C /* Roboto-Regular.ttf in Resources */,
				70EDF2F51E070DAD000D4F0D /* Assets.xcassets in Resources */,
				7062C6471E19E26600CF762C /* Roboto-Thin.ttf in Resources */,
				70AB7CA51E1582E8001313F8 /* BasicCardView.xib in Resources */,
				70EDF2F31E070DAD000D4F0D /* Main.storyboard in Resources */,
				70AB7CA91E1590E3001313F8 /* OverlayView.xib in Resources */,
				7062C6441E19E26600CF762C /* Roboto-Light.ttf in Resources */,
				70EDF3291E0892FA000D4F0D /* test-cites.ris in Resources */,
				70A5C0081E2BFB2E00BEB5B3 /* test-indexes.ris in Resources */,
				7062C6451E19E26600CF762C /* Roboto-Medium.ttf in Resources */,
			);
			runOnlyForDeploymentPostprocessing = 0;
		};
/* End PBXResourcesBuildPhase section */

/* Begin PBXShellScriptBuildPhase section */
		77B698707386CBF1698F560D /* [CP] Embed Pods Frameworks */ = {
			isa = PBXShellScriptBuildPhase;
			buildActionMask = 2147483647;
			files = (
			);
			inputPaths = (
			);
			name = "[CP] Embed Pods Frameworks";
			outputPaths = (
			);
			runOnlyForDeploymentPostprocessing = 0;
			shellPath = /bin/sh;
			shellScript = "\"${SRCROOT}/Pods/Target Support Files/Pods-Researcher/Pods-Researcher-frameworks.sh\"\n";
			showEnvVarsInLog = 0;
		};
		7CD666CF99AE62AF9A0227B4 /* [CP] Check Pods Manifest.lock */ = {
			isa = PBXShellScriptBuildPhase;
			buildActionMask = 2147483647;
			files = (
			);
			inputPaths = (
			);
			name = "[CP] Check Pods Manifest.lock";
			outputPaths = (
			);
			runOnlyForDeploymentPostprocessing = 0;
			shellPath = /bin/sh;
			shellScript = "diff \"${PODS_ROOT}/../Podfile.lock\" \"${PODS_ROOT}/Manifest.lock\" > /dev/null\nif [ $? != 0 ] ; then\n    # print error to STDERR\n    echo \"error: The sandbox is not in sync with the Podfile.lock. Run 'pod install' or update your CocoaPods installation.\" >&2\n    exit 1\nfi\n";
			showEnvVarsInLog = 0;
		};
		F4D116E7CA43E3C35BC37C52 /* [CP] Copy Pods Resources */ = {
			isa = PBXShellScriptBuildPhase;
			buildActionMask = 2147483647;
			files = (
			);
			inputPaths = (
			);
			name = "[CP] Copy Pods Resources";
			outputPaths = (
			);
			runOnlyForDeploymentPostprocessing = 0;
			shellPath = /bin/sh;
			shellScript = "\"${SRCROOT}/Pods/Target Support Files/Pods-Researcher/Pods-Researcher-resources.sh\"\n";
			showEnvVarsInLog = 0;
		};
/* End PBXShellScriptBuildPhase section */

/* Begin PBXSourcesBuildPhase section */
		70EDF2E61E070DAD000D4F0D /* Sources */ = {
			isa = PBXSourcesBuildPhase;
			buildActionMask = 2147483647;
			files = (
				7094C0E81E1211AB00749582 /* BackgroundKolodaAnimator.swift in Sources */,
				70C3EC161E0ACCFB008368A8 /* AppSnackbarController.swift in Sources */,
				700B4BDB1E1F5D6600451C40 /* ExamplesDefault.swift in Sources */,
				7094C0EF1E12121200749582 /* CustomOverlayView.swift in Sources */,
				7094C0EA1E1211F200749582 /* BackgroundAnimationViewController.swift in Sources */,
				700B4BE11E200A9A00451C40 /* CosmosDistrib.swift in Sources */,
				70EDF32B1E08DEF5000D4F0D /* AppMenuController.swift in Sources */,
				70A99CBB1E09B87A00061025 /* AppToolbarController.swift in Sources */,
				70CF5D551E0A10D30018027B /* PaperSessionTableCell.swift in Sources */,
				70A99CB91E097BD000061025 /* PaperSessionUITableViewController.swift in Sources */,
				70EDF3261E084365000D4F0D /* PaperX.xcdatamodel in Sources */,
				70C3EC141E0AC6B5008368A8 /* PaperCollectionUITableViewController.swift in Sources */,
				70EDF3211E08344E000D4F0D /* SwiftHTMLDecode.swift in Sources */,
				70EDF31C1E083326000D4F0D /* ObjectModels.swift in Sources */,
				70A99CBD1E09B90F00061025 /* AppPageTabBarController.swift in Sources */,
				70EDF31F1E08343B000D4F0D /* RISFileParser.swift in Sources */,
				70C904421E2AA40400081D8A /* BlurredOverlayView.swift in Sources */,
				7094C0F41E12189300749582 /* SwipeOverlayView.swift in Sources */,
				7094C0EE1E12121200749582 /* CustomKolodaView.swift in Sources */,
				700B4BDE1E200A8800451C40 /* RatingViewController.swift in Sources */,
				70EDF3191E077961000D4F0D /* NextViewController.swift in Sources */,
				70EDF3181E077961000D4F0D /* AppNavigationController.swift in Sources */,
				70EDF2EE1E070DAD000D4F0D /* AppDelegate.swift in Sources */,
				70C3EC181E0ACD6D008368A8 /* StatusBarController.swift in Sources */,
				70AB7CA71E158364001313F8 /* BasicCardView.swift in Sources */,
				700B4BD91E1F57E300451C40 /* GraphViewController.swift in Sources */,
				70EDF3171E077961000D4F0D /* RootViewController.swift in Sources */,
				70EDF3241E083B74000D4F0D /* Extension.swift in Sources */,
			);
			runOnlyForDeploymentPostprocessing = 0;
		};
/* End PBXSourcesBuildPhase section */

/* Begin PBXVariantGroup section */
		70EDF2F11E070DAD000D4F0D /* Main.storyboard */ = {
			isa = PBXVariantGroup;
			children = (
				70EDF2F21E070DAD000D4F0D /* Base */,
			);
			name = Main.storyboard;
			sourceTree = "<group>";
		};
		70EDF2F61E070DAD000D4F0D /* LaunchScreen.storyboard */ = {
			isa = PBXVariantGroup;
			children = (
				70EDF2F71E070DAD000D4F0D /* Base */,
			);
			name = LaunchScreen.storyboard;
			sourceTree = "<group>";
		};
/* End PBXVariantGroup section */

/* Begin XCBuildConfiguration section */
		70EDF2FA1E070DAD000D4F0D /* Debug */ = {
			isa = XCBuildConfiguration;
			buildSettings = {
				ALWAYS_SEARCH_USER_PATHS = NO;
				CLANG_ANALYZER_NONNULL = YES;
				CLANG_CXX_LANGUAGE_STANDARD = "gnu++0x";
				CLANG_CXX_LIBRARY = "libc++";
				CLANG_ENABLE_MODULES = YES;
				CLANG_ENABLE_OBJC_ARC = YES;
				CLANG_WARN_BOOL_CONVERSION = YES;
				CLANG_WARN_CONSTANT_CONVERSION = YES;
				CLANG_WARN_DIRECT_OBJC_ISA_USAGE = YES_ERROR;
				CLANG_WARN_DOCUMENTATION_COMMENTS = YES;
				CLANG_WARN_EMPTY_BODY = YES;
				CLANG_WARN_ENUM_CONVERSION = YES;
				CLANG_WARN_INFINITE_RECURSION = YES;
				CLANG_WARN_INT_CONVERSION = YES;
				CLANG_WARN_OBJC_ROOT_CLASS = YES_ERROR;
				CLANG_WARN_SUSPICIOUS_MOVE = YES;
				CLANG_WARN_UNREACHABLE_CODE = YES;
				CLANG_WARN__DUPLICATE_METHOD_MATCH = YES;
				"CODE_SIGN_IDENTITY[sdk=iphoneos*]" = "iPhone Developer";
				COPY_PHASE_STRIP = NO;
				DEBUG_INFORMATION_FORMAT = dwarf;
				ENABLE_STRICT_OBJC_MSGSEND = YES;
				ENABLE_TESTABILITY = YES;
				GCC_C_LANGUAGE_STANDARD = gnu99;
				GCC_DYNAMIC_NO_PIC = NO;
				GCC_NO_COMMON_BLOCKS = YES;
				GCC_OPTIMIZATION_LEVEL = 0;
				GCC_PREPROCESSOR_DEFINITIONS = (
					"DEBUG=1",
					"$(inherited)",
				);
				GCC_WARN_64_TO_32_BIT_CONVERSION = YES;
				GCC_WARN_ABOUT_RETURN_TYPE = YES_ERROR;
				GCC_WARN_UNDECLARED_SELECTOR = YES;
				GCC_WARN_UNINITIALIZED_AUTOS = YES_AGGRESSIVE;
				GCC_WARN_UNUSED_FUNCTION = YES;
				GCC_WARN_UNUSED_VARIABLE = YES;
				IPHONEOS_DEPLOYMENT_TARGET = 10.2;
				MTL_ENABLE_DEBUG_INFO = YES;
				ONLY_ACTIVE_ARCH = YES;
				SDKROOT = iphoneos;
				SWIFT_ACTIVE_COMPILATION_CONDITIONS = DEBUG;
				SWIFT_OPTIMIZATION_LEVEL = "-Onone";
				TARGETED_DEVICE_FAMILY = "1,2";
			};
			name = Debug;
		};
		70EDF2FB1E070DAD000D4F0D /* Release */ = {
			isa = XCBuildConfiguration;
			buildSettings = {
				ALWAYS_SEARCH_USER_PATHS = NO;
				CLANG_ANALYZER_NONNULL = YES;
				CLANG_CXX_LANGUAGE_STANDARD = "gnu++0x";
				CLANG_CXX_LIBRARY = "libc++";
				CLANG_ENABLE_MODULES = YES;
				CLANG_ENABLE_OBJC_ARC = YES;
				CLANG_WARN_BOOL_CONVERSION = YES;
				CLANG_WARN_CONSTANT_CONVERSION = YES;
				CLANG_WARN_DIRECT_OBJC_ISA_USAGE = YES_ERROR;
				CLANG_WARN_DOCUMENTATION_COMMENTS = YES;
				CLANG_WARN_EMPTY_BODY = YES;
				CLANG_WARN_ENUM_CONVERSION = YES;
				CLANG_WARN_INFINITE_RECURSION = YES;
				CLANG_WARN_INT_CONVERSION = YES;
				CLANG_WARN_OBJC_ROOT_CLASS = YES_ERROR;
				CLANG_WARN_SUSPICIOUS_MOVE = YES;
				CLANG_WARN_UNREACHABLE_CODE = YES;
				CLANG_WARN__DUPLICATE_METHOD_MATCH = YES;
				"CODE_SIGN_IDENTITY[sdk=iphoneos*]" = "iPhone Developer";
				COPY_PHASE_STRIP = NO;
				DEBUG_INFORMATION_FORMAT = "dwarf-with-dsym";
				ENABLE_NS_ASSERTIONS = NO;
				ENABLE_STRICT_OBJC_MSGSEND = YES;
				GCC_C_LANGUAGE_STANDARD = gnu99;
				GCC_NO_COMMON_BLOCKS = YES;
				GCC_WARN_64_TO_32_BIT_CONVERSION = YES;
				GCC_WARN_ABOUT_RETURN_TYPE = YES_ERROR;
				GCC_WARN_UNDECLARED_SELECTOR = YES;
				GCC_WARN_UNINITIALIZED_AUTOS = YES_AGGRESSIVE;
				GCC_WARN_UNUSED_FUNCTION = YES;
				GCC_WARN_UNUSED_VARIABLE = YES;
				IPHONEOS_DEPLOYMENT_TARGET = 10.2;
				MTL_ENABLE_DEBUG_INFO = NO;
				SDKROOT = iphoneos;
				SWIFT_OPTIMIZATION_LEVEL = "-Owholemodule";
				TARGETED_DEVICE_FAMILY = "1,2";
				VALIDATE_PRODUCT = YES;
			};
			name = Release;
		};
		70EDF2FD1E070DAD000D4F0D /* Debug */ = {
			isa = XCBuildConfiguration;
			baseConfigurationReference = 218EC3BAF5C7AA8CDCC91906 /* Pods-Researcher.debug.xcconfig */;
			buildSettings = {
				ALWAYS_EMBED_SWIFT_STANDARD_LIBRARIES = "$(inherited)";
				ASSETCATALOG_COMPILER_APPICON_NAME = AppIcon;
				DEVELOPMENT_TEAM = CN8G286W67;
				INFOPLIST_FILE = Researcher/Info.plist;
				LD_RUNPATH_SEARCH_PATHS = "$(inherited) @executable_path/Frameworks";
				PRODUCT_BUNDLE_IDENTIFIER = so.raven.Researcher;
				PRODUCT_NAME = "$(TARGET_NAME)";
				SWIFT_VERSION = 3.0;
			};
			name = Debug;
		};
		70EDF2FE1E070DAD000D4F0D /* Release */ = {
			isa = XCBuildConfiguration;
			baseConfigurationReference = E0BEF697AF88F302F4852347 /* Pods-Researcher.release.xcconfig */;
			buildSettings = {
				ALWAYS_EMBED_SWIFT_STANDARD_LIBRARIES = "$(inherited)";
				ASSETCATALOG_COMPILER_APPICON_NAME = AppIcon;
				DEVELOPMENT_TEAM = CN8G286W67;
				INFOPLIST_FILE = Researcher/Info.plist;
				LD_RUNPATH_SEARCH_PATHS = "$(inherited) @executable_path/Frameworks";
				PRODUCT_BUNDLE_IDENTIFIER = so.raven.Researcher;
				PRODUCT_NAME = "$(TARGET_NAME)";
				SWIFT_VERSION = 3.0;
			};
			name = Release;
		};
/* End XCBuildConfiguration section */

/* Begin XCConfigurationList section */
		70EDF2E51E070DAD000D4F0D /* Build configuration list for PBXProject "Researcher" */ = {
			isa = XCConfigurationList;
			buildConfigurations = (
				70EDF2FA1E070DAD000D4F0D /* Debug */,
				70EDF2FB1E070DAD000D4F0D /* Release */,
			);
			defaultConfigurationIsVisible = 0;
			defaultConfigurationName = Release;
		};
		70EDF2FC1E070DAD000D4F0D /* Build configuration list for PBXNativeTarget "Researcher" */ = {
			isa = XCConfigurationList;
			buildConfigurations = (
				70EDF2FD1E070DAD000D4F0D /* Debug */,
				70EDF2FE1E070DAD000D4F0D /* Release */,
			);
			defaultConfigurationIsVisible = 0;
			defaultConfigurationName = Release;
		};
/* End XCConfigurationList section */
	};
	rootObject = 70EDF2E21E070DAD000D4F0D /* Project object */;
}
