PODS:
  - Koloda (4.0):
    - pop (~> 1.0)
  - Material (2.4.4):
    - Material/Core (= 2.4.4)
  - Material/Core (2.4.4)
  - pop (1.0.9)
  - Realm (2.1.2):
    - Realm/Headers (= 2.1.2)
  - Realm/Headers (2.1.2)
  - RealmSwift (2.1.2):
    - Realm (= 2.1.2)
  - SwifterSwift (1.4)
  - XCGLogger (4.0.0):
    - XCGLogger/Core (= 4.0.0)
  - XCGLogger/Core (4.0.0)

DEPENDENCIES:
  - Koloda
  - Material
  - RealmSwift
  - SwifterSwift
  - XCGLogger

SPEC CHECKSUMS:
  Koloda: cb171633afc6182a77821b7951e38b2cb272ba7c
  Material: 26f515d3291234716b47bb1b918746f254e80554
  pop: f667631a5108a2e60d9e8797c9b32ddaf2080bce
  Realm: efe855f4d977c8ce5a82d3116d9f1ff155a6550c
  RealmSwift: 17d6ee30b6f9df86364408c2197492e33bfea567
  SwifterSwift: af5d959217ea9ea265ecf6a8e29142733a809268
  XCGLogger: 38063ea89b4c8b23232d18efd2e12eb0005f3ea4

PODFILE CHECKSUM: 8f0b976716afa76350809375c7b1776b9856e763

COCOAPODS: 1.1.1
