PODS:
  - Charts (3.0.1):
    - Charts/Core (= 3.0.1)
  - Charts/Core (3.0.1)
  - EasyAnimation (1.1.1)
  - Koloda (4.0):
    - pop (~> 1.0)
  - Material (2.4.11):
    - Material/Core (= 2.4.11)
  - Material/Core (2.4.11)
  - pop (1.0.9)
  - PopupDialog (0.5.3)
  - Realm (2.3.0):
    - Realm/Headers (= 2.3.0)
  - Realm/Headers (2.3.0)
  - RealmSwift (2.3.0):
    - Realm (= 2.3.0)
  - SwiftCharts (0.5.1)
  - SwifterSwift (1.5)
  - XCGLogger (4.0.0):
    - XCGLogger/Core (= 4.0.0)
  - XCGLogger/Core (4.0.0)

DEPENDENCIES:
  - Charts
  - EasyAnimation
  - Koloda
  - Material
  - PopupDialog
  - RealmSwift
  - SwiftCharts
  - SwifterSwift
  - XCGLogger

SPEC CHECKSUMS:
  Charts: 0e84f4418e87dad6a9edde221fba37ebb51d3ba7
  EasyAnimation: e67601df3eb57e86c570948a250ce162a5665b8a
  Koloda: cb171633afc6182a77821b7951e38b2cb272ba7c
  Material: '09b50565d8f824bd74881eba12d7c549b41f510d'
  pop: f667631a5108a2e60d9e8797c9b32ddaf2080bce
  PopupDialog: 533dd564f8781633375505b9fbd406f8f146ccc9
  Realm: 69d7de9aa569a11eed490aaabc8f2109e3985ecf
  RealmSwift: dc6f99ea55e59490cec69c860f91932b6bf7efb6
  SwiftCharts: d263289cdc7fc955fef54ae3bc6529f696e69933
  SwifterSwift: c612befa8e51b4092d3b41e88cd93f52d0624d9f
  XCGLogger: 38063ea89b4c8b23232d18efd2e12eb0005f3ea4

PODFILE CHECKSUM: 1a6ecdbe1a4f9c1a724f280b8aa9adc7f57421f2

COCOAPODS: 1.1.1
